
Microsoft Visual Studio Solution File, Format Version 12.00
# Visual Studio Version 17
VisualStudioVersion = 17.3.32825.248
MinimumVisualStudioVersion = 10.0.40219.1
Project("{9A19103F-16F7-4668-BE54-9A1E7A4F7556}") = "ECalProject", "ECalProject\ECalProject.csproj", "{F3D92702-B5EB-4785-827F-07A502602780}"
EndProject
Project("{9A19103F-16F7-4668-BE54-9A1E7A4F7556}") = "JaredUnitTesting", "MathCalculationTesting\JaredUnitTesting.csproj", "{E842BFF0-7CB4-447A-993C-57FFF689306F}"
EndProject
Project("{FAE04EC0-301F-11D3-BF4B-00C04F79EFBC}") = "SpreadsheetEngine", "SpreadsheetEngine\SpreadsheetEngine.csproj", "{17B370A6-7485-4B51-9E7A-5C356F183D60}"
EndProject

Project("{9A19103F-16F7-4668-BE54-9A1E7A4F7556}") = "ECalProject", "ECalProject\ECalProject.csproj", "{F3D92702-B5EB-4785-827F-07A502602780}"
EndProject
Project("{FAE04EC0-301F-11D3-BF4B-00C04F79EFBC}") = "Musa's Integration Tests", "Musa's Integration Tests\Musa's Integration Tests.csproj", "{03ABB28D-46B4-4459-BEC6-785383251CC0}"
Project("{FAE04EC0-301F-11D3-BF4B-00C04F79EFBC}") = "AidenIntegrationTest_6.0", "AidenIntegrationTest_6.0\AidenIntegrationTest_6.0.csproj", "{CC0CF4D3-FE36-48A9-ABF4-432E09AEDC31}"
EndProject
Project("{FAE04EC0-301F-11D3-BF4B-00C04F79EFBC}") = "AidenUnitTesting_6.0", "AidenUnitTesting_6.0\AidenUnitTesting_6.0.csproj", "{FB1A750E-041B-4596-9D95-63096895D5F8}"
EndProject
Project("{FAE04EC0-301F-11D3-BF4B-00C04F79EFBC}") = "SebastionUnitTesting", "SebastionUnitTesting\SebastionUnitTesting.csproj", "{57DD22AB-D0F9-4EA4-82F9-1784F526F664}"
in
EndProject
Global
	GlobalSection(SolutionConfigurationPlatforms) = preSolution
		Debug|Any CPU = Debug|Any CPU
		Release|Any CPU = Release|Any CPU
	EndGlobalSection
	GlobalSection(ProjectConfigurationPlatforms) = postSolution
		{F3D92702-B5EB-4785-827F-07A502602780}.Debug|Any CPU.ActiveCfg = Debug|Any CPU
		{F3D92702-B5EB-4785-827F-07A502602780}.Debug|Any CPU.Build.0 = Debug|Any CPU
		{F3D92702-B5EB-4785-827F-07A502602780}.Release|Any CPU.ActiveCfg = Release|Any CPU
		{F3D92702-B5EB-4785-827F-07A502602780}.Release|Any CPU.Build.0 = Release|Any CPU

		{03ABB28D-46B4-4459-BEC6-785383251CC0}.Debug|Any CPU.ActiveCfg = Debug|Any CPU
		{03ABB28D-46B4-4459-BEC6-785383251CC0}.Debug|Any CPU.Build.0 = Debug|Any CPU
		{03ABB28D-46B4-4459-BEC6-785383251CC0}.Release|Any CPU.ActiveCfg = Release|Any CPU
		{03ABB28D-46B4-4459-BEC6-785383251CC0}.Release|Any CPU.Build.0 = Release|Any CPU
		{E842BFF0-7CB4-447A-993C-57FFF689306F}.Debug|Any CPU.ActiveCfg = Debug|Any CPU
		{E842BFF0-7CB4-447A-993C-57FFF689306F}.Debug|Any CPU.Build.0 = Debug|Any CPU
		{E842BFF0-7CB4-447A-993C-57FFF689306F}.Release|Any CPU.ActiveCfg = Release|Any CPU
		{E842BFF0-7CB4-447A-993C-57FFF689306F}.Release|Any CPU.Build.0 = Release|Any CPU
		{17B370A6-7485-4B51-9E7A-5C356F183D60}.Debug|Any CPU.ActiveCfg = Debug|Any CPU
		{17B370A6-7485-4B51-9E7A-5C356F183D60}.Debug|Any CPU.Build.0 = Debug|Any CPU
		{17B370A6-7485-4B51-9E7A-5C356F183D60}.Release|Any CPU.ActiveCfg = Release|Any CPU
		{17B370A6-7485-4B51-9E7A-5C356F183D60}.Release|Any CPU.Build.0 = Release|Any CPU
		{CC0CF4D3-FE36-48A9-ABF4-432E09AEDC31}.Debug|Any CPU.ActiveCfg = Debug|Any CPU
		{CC0CF4D3-FE36-48A9-ABF4-432E09AEDC31}.Debug|Any CPU.Build.0 = Debug|Any CPU
		{CC0CF4D3-FE36-48A9-ABF4-432E09AEDC31}.Release|Any CPU.ActiveCfg = Release|Any CPU
		{CC0CF4D3-FE36-48A9-ABF4-432E09AEDC31}.Release|Any CPU.Build.0 = Release|Any CPU
		{FB1A750E-041B-4596-9D95-63096895D5F8}.Debug|Any CPU.ActiveCfg = Debug|Any CPU
		{FB1A750E-041B-4596-9D95-63096895D5F8}.Debug|Any CPU.Build.0 = Debug|Any CPU
		{FB1A750E-041B-4596-9D95-63096895D5F8}.Release|Any CPU.ActiveCfg = Release|Any CPU
		{FB1A750E-041B-4596-9D95-63096895D5F8}.Release|Any CPU.Build.0 = Release|Any CPU
		{57DD22AB-D0F9-4EA4-82F9-1784F526F664}.Debug|Any CPU.ActiveCfg = Debug|Any CPU
		{57DD22AB-D0F9-4EA4-82F9-1784F526F664}.Debug|Any CPU.Build.0 = Debug|Any CPU
		{57DD22AB-D0F9-4EA4-82F9-1784F526F664}.Release|Any CPU.ActiveCfg = Release|Any CPU
		{57DD22AB-D0F9-4EA4-82F9-1784F526F664}.Release|Any CPU.Build.0 = Release|Any CPU

	EndGlobalSection
	GlobalSection(SolutionProperties) = preSolution
		HideSolutionNode = FALSE
	EndGlobalSection
	GlobalSection(ExtensibilityGlobals) = postSolution
		SolutionGuid = {DDFB9F97-3F8C-4993-8568-7D9B0020D840}
	EndGlobalSection
EndGlobal
